
Microsoft Visual Studio Solution File, Format Version 12.00
# Visual Studio Version 17
VisualStudioVersion = 17.5.33530.505
MinimumVisualStudioVersion = 10.0.40219.1
Project("{FAE04EC0-301F-11D3-BF4B-00C04F79EFBC}") = "DifferentNumbers", "DifferentNumbers\DifferentNumbers.csproj", "{CE8A3C76-DC48-4F4A-9981-0C5762F00B1C}"
EndProject
Global
	GlobalSection(SolutionConfigurationPlatforms) = preSolution
		Debug|Any CPU = Debug|Any CPU
		Release|Any CPU = Release|Any CPU
	EndGlobalSection
	GlobalSection(ProjectConfigurationPlatforms) = postSolution
		{CE8A3C76-DC48-4F4A-9981-0C5762F00B1C}.Debug|Any CPU.ActiveCfg = Debug|Any CPU
		{CE8A3C76-DC48-4F4A-9981-0C5762F00B1C}.Debug|Any CPU.Build.0 = Debug|Any CPU
		{CE8A3C76-DC48-4F4A-9981-0C5762F00B1C}.Release|Any CPU.ActiveCfg = Release|Any CPU
		{CE8A3C76-DC48-4F4A-9981-0C5762F00B1C}.Release|Any CPU.Build.0 = Release|Any CPU
	EndGlobalSection
	GlobalSection(SolutionProperties) = preSolution
		HideSolutionNode = FALSE
	EndGlobalSection
	GlobalSection(ExtensibilityGlobals) = postSolution
		SolutionGuid = {25528C92-3AF0-42C4-B220-D1F5AC33CDF3}
	EndGlobalSection
EndGlobal
